
Microsoft Visual Studio Solution File, Format Version 12.00
# Visual Studio Version 16
VisualStudioVersion = 16.0.29613.14
MinimumVisualStudioVersion = 10.0.40219.1
Project("{FAE04EC0-301F-11D3-BF4B-00C04F79EFBC}") = "KafeKod", "KafeKod\KafeKod.csproj", "{E97BD9AA-59A0-4909-B0E1-BDCF1EF5D29B}"
EndProject
Project("{FAE04EC0-301F-11D3-BF4B-00C04F79EFBC}") = "KafeKod.Data", "KafeKod.Data\KafeKod.Data.csproj", "{FC6DCAB9-276A-4369-9D74-A61353C19E7D}"
EndProject
Global
	GlobalSection(SolutionConfigurationPlatforms) = preSolution
		Debug|Any CPU = Debug|Any CPU
		Release|Any CPU = Release|Any CPU
	EndGlobalSection
	GlobalSection(ProjectConfigurationPlatforms) = postSolution
		{E97BD9AA-59A0-4909-B0E1-BDCF1EF5D29B}.Debug|Any CPU.ActiveCfg = Debug|Any CPU
		{E97BD9AA-59A0-4909-B0E1-BDCF1EF5D29B}.Debug|Any CPU.Build.0 = Debug|Any CPU
		{E97BD9AA-59A0-4909-B0E1-BDCF1EF5D29B}.Release|Any CPU.ActiveCfg = Release|Any CPU
		{E97BD9AA-59A0-4909-B0E1-BDCF1EF5D29B}.Release|Any CPU.Build.0 = Release|Any CPU
		{FC6DCAB9-276A-4369-9D74-A61353C19E7D}.Debug|Any CPU.ActiveCfg = Debug|Any CPU
		{FC6DCAB9-276A-4369-9D74-A61353C19E7D}.Debug|Any CPU.Build.0 = Debug|Any CPU
		{FC6DCAB9-276A-4369-9D74-A61353C19E7D}.Release|Any CPU.ActiveCfg = Release|Any CPU
		{FC6DCAB9-276A-4369-9D74-A61353C19E7D}.Release|Any CPU.Build.0 = Release|Any CPU
	EndGlobalSection
	GlobalSection(SolutionProperties) = preSolution
		HideSolutionNode = FALSE
	EndGlobalSection
	GlobalSection(ExtensibilityGlobals) = postSolution
		SolutionGuid = {B046ACE5-E02A-4423-A2F4-897EF12DB114}
	EndGlobalSection
EndGlobal
